# This file is automatically @generated by Cargo.
# It is not intended for manual editing.
version = 4

[[package]]
name = "chess"
version = "0.1.0"
source = "git+https://github.com/sklbz/chess-board-representation?branch=master#4ee73fc387fe354f5a948f7968bdf1cb6b52ae08"

[[package]]
name = "chess-engine"
version = "0.1.0"
dependencies = [
 "chess",
]
